// !$*UTF8*$!
{
	archiveVersion = 1;
	classes = {
	};
	objectVersion = 46;
	objects = {

/* Begin PBXBuildFile section */
		B89F11BC1CF00001000FC891 /* main.m in Sources */ = {isa = PBXBuildFile; fileRef = B89F11BB1CF00001000FC891 /* main.m */; };
		B89F11BF1CF00001000FC891 /* AppDelegate.m in Sources */ = {isa = PBXBuildFile; fileRef = B89F11BE1CF00001000FC891 /* AppDelegate.m */; };
		B89F11C21CF00001000FC891 /* ViewController.m in Sources */ = {isa = PBXBuildFile; fileRef = B89F11C11CF00001000FC891 /* ViewController.m */; };
		B89F11C51CF00001000FC891 /* Main.storyboard in Resources */ = {isa = PBXBuildFile; fileRef = B89F11C31CF00001000FC891 /* Main.storyboard */; };
		B89F11C71CF00001000FC891 /* Assets.xcassets in Resources */ = {isa = PBXBuildFile; fileRef = B89F11C61CF00001000FC891 /* Assets.xcassets */; };
		B89F11CA1CF00001000FC891 /* LaunchScreen.storyboard in Resources */ = {isa = PBXBuildFile; fileRef = B89F11C81CF00001000FC891 /* LaunchScreen.storyboard */; };
		B89F11D51CF00001000FC891 /* YSHPopOverViewTests.m in Sources */ = {isa = PBXBuildFile; fileRef = B89F11D41CF00001000FC891 /* YSHPopOverViewTests.m */; };
		B89F11E01CF00001000FC891 /* YSHPopOverViewUITests.m in Sources */ = {isa = PBXBuildFile; fileRef = B89F11DF1CF00001000FC891 /* YSHPopOverViewUITests.m */; };
		B89F11F31CF00379000FC891 /* YSHPopOverView.m in Sources */ = {isa = PBXBuildFile; fileRef = B89F11F21CF00379000FC891 /* YSHPopOverView.m */; };
/* End PBXBuildFile section */

/* Begin PBXContainerItemProxy section */
		B89F11D11CF00001000FC891 /* PBXContainerItemProxy */ = {
			isa = PBXContainerItemProxy;
			containerPortal = B89F11AF1CF00001000FC891 /* Project object */;
			proxyType = 1;
			remoteGlobalIDString = B89F11B61CF00001000FC891;
			remoteInfo = YSHPopOverView;
		};
		B89F11DC1CF00001000FC891 /* PBXContainerItemProxy */ = {
			isa = PBXContainerItemProxy;
			containerPortal = B89F11AF1CF00001000FC891 /* Project object */;
			proxyType = 1;
			remoteGlobalIDString = B89F11B61CF00001000FC891;
			remoteInfo = YSHPopOverView;
		};
/* End PBXContainerItemProxy section */

/* Begin PBXFileReference section */
		B89F11B71CF00001000FC891 /* YSHPopOverView.app */ = {isa = PBXFileReference; explicitFileType = wrapper.application; includeInIndex = 0; path = YSHPopOverView.app; sourceTree = BUILT_PRODUCTS_DIR; };
		B89F11BB1CF00001000FC891 /* main.m */ = {isa = PBXFileReference; lastKnownFileType = sourcecode.c.objc; path = main.m; sourceTree = "<group>"; };
		B89F11BD1CF00001000FC891 /* AppDelegate.h */ = {isa = PBXFileReference; lastKnownFileType = sourcecode.c.h; path = AppDelegate.h; sourceTree = "<group>"; };
		B89F11BE1CF00001000FC891 /* AppDelegate.m */ = {isa = PBXFileReference; lastKnownFileType = sourcecode.c.objc; path = AppDelegate.m; sourceTree = "<group>"; };
		B89F11C01CF00001000FC891 /* ViewController.h */ = {isa = PBXFileReference; lastKnownFileType = sourcecode.c.h; path = ViewController.h; sourceTree = "<group>"; };
		B89F11C11CF00001000FC891 /* ViewController.m */ = {isa = PBXFileReference; lastKnownFileType = sourcecode.c.objc; path = ViewController.m; sourceTree = "<group>"; };
		B89F11C41CF00001000FC891 /* Base */ = {isa = PBXFileReference; lastKnownFileType = file.storyboard; name = Base; path = Base.lproj/Main.storyboard; sourceTree = "<group>"; };
		B89F11C61CF00001000FC891 /* Assets.xcassets */ = {isa = PBXFileReference; lastKnownFileType = folder.assetcatalog; path = Assets.xcassets; sourceTree = "<group>"; };
		B89F11C91CF00001000FC891 /* Base */ = {isa = PBXFileReference; lastKnownFileType = file.storyboard; name = Base; path = Base.lproj/LaunchScreen.storyboard; sourceTree = "<group>"; };
		B89F11CB1CF00001000FC891 /* Info.plist */ = {isa = PBXFileReference; lastKnownFileType = text.plist.xml; path = Info.plist; sourceTree = "<group>"; };
		B89F11D01CF00001000FC891 /* YSHPopOverViewTests.xctest */ = {isa = PBXFileReference; explicitFileType = wrapper.cfbundle; includeInIndex = 0; path = YSHPopOverViewTests.xctest; sourceTree = BUILT_PRODUCTS_DIR; };
		B89F11D41CF00001000FC891 /* YSHPopOverViewTests.m */ = {isa = PBXFileReference; lastKnownFileType = sourcecode.c.objc; path = YSHPopOverViewTests.m; sourceTree = "<group>"; };
		B89F11D61CF00001000FC891 /* Info.plist */ = {isa = PBXFileReference; lastKnownFileType = text.plist.xml; path = Info.plist; sourceTree = "<group>"; };
		B89F11DB1CF00001000FC891 /* YSHPopOverViewUITests.xctest */ = {isa = PBXFileReference; explicitFileType = wrapper.cfbundle; includeInIndex = 0; path = YSHPopOverViewUITests.xctest; sourceTree = BUILT_PRODUCTS_DIR; };
		B89F11DF1CF00001000FC891 /* YSHPopOverViewUITests.m */ = {isa = PBXFileReference; lastKnownFileType = sourcecode.c.objc; path = YSHPopOverViewUITests.m; sourceTree = "<group>"; };
		B89F11E11CF00001000FC891 /* Info.plist */ = {isa = PBXFileReference; lastKnownFileType = text.plist.xml; path = Info.plist; sourceTree = "<group>"; };
		B89F11F11CF00379000FC891 /* YSHPopOverView.h */ = {isa = PBXFileReference; fileEncoding = 4; lastKnownFileType = sourcecode.c.h; path = YSHPopOverView.h; sourceTree = "<group>"; };
		B89F11F21CF00379000FC891 /* YSHPopOverView.m */ = {isa = PBXFileReference; fileEncoding = 4; lastKnownFileType = sourcecode.c.objc; path = YSHPopOverView.m; sourceTree = "<group>"; };
/* End PBXFileReference section */

/* Begin PBXFrameworksBuildPhase section */
		B89F11B41CF00001000FC891 /* Frameworks */ = {
			isa = PBXFrameworksBuildPhase;
			buildActionMask = 2147483647;
			files = (
			);
			runOnlyForDeploymentPostprocessing = 0;
		};
		B89F11CD1CF00001000FC891 /* Frameworks */ = {
			isa = PBXFrameworksBuildPhase;
			buildActionMask = 2147483647;
			files = (
			);
			runOnlyForDeploymentPostprocessing = 0;
		};
		B89F11D81CF00001000FC891 /* Frameworks */ = {
			isa = PBXFrameworksBuildPhase;
			buildActionMask = 2147483647;
			files = (
			);
			runOnlyForDeploymentPostprocessing = 0;
		};
/* End PBXFrameworksBuildPhase section */

/* Begin PBXGroup section */
		B89F11AE1CF00001000FC891 = {
			isa = PBXGroup;
			children = (
				B89F11B91CF00001000FC891 /* YSHPopOverView */,
				B89F11D31CF00001000FC891 /* YSHPopOverViewTests */,
				B89F11DE1CF00001000FC891 /* YSHPopOverViewUITests */,
				B89F11B81CF00001000FC891 /* Products */,
			);
			sourceTree = "<group>";
		};
		B89F11B81CF00001000FC891 /* Products */ = {
			isa = PBXGroup;
			children = (
				B89F11B71CF00001000FC891 /* YSHPopOverView.app */,
				B89F11D01CF00001000FC891 /* YSHPopOverViewTests.xctest */,
				B89F11DB1CF00001000FC891 /* YSHPopOverViewUITests.xctest */,
			);
			name = Products;
			sourceTree = "<group>";
		};
		B89F11B91CF00001000FC891 /* YSHPopOverView */ = {
			isa = PBXGroup;
			children = (
				B89F11F01CF00379000FC891 /* YSHPopOverView */,
				B89F11BD1CF00001000FC891 /* AppDelegate.h */,
				B89F11BE1CF00001000FC891 /* AppDelegate.m */,
				B89F11C01CF00001000FC891 /* ViewController.h */,
				B89F11C11CF00001000FC891 /* ViewController.m */,
				B89F11C31CF00001000FC891 /* Main.storyboard */,
				B89F11C61CF00001000FC891 /* Assets.xcassets */,
				B89F11C81CF00001000FC891 /* LaunchScreen.storyboard */,
				B89F11CB1CF00001000FC891 /* Info.plist */,
				B89F11BA1CF00001000FC891 /* Supporting Files */,
			);
			path = YSHPopOverView;
			sourceTree = "<group>";
		};
		B89F11BA1CF00001000FC891 /* Supporting Files */ = {
			isa = PBXGroup;
			children = (
				B89F11BB1CF00001000FC891 /* main.m */,
			);
			name = "Supporting Files";
			sourceTree = "<group>";
		};
		B89F11D31CF00001000FC891 /* YSHPopOverViewTests */ = {
			isa = PBXGroup;
			children = (
				B89F11D41CF00001000FC891 /* YSHPopOverViewTests.m */,
				B89F11D61CF00001000FC891 /* Info.plist */,
			);
			path = YSHPopOverViewTests;
			sourceTree = "<group>";
		};
		B89F11DE1CF00001000FC891 /* YSHPopOverViewUITests */ = {
			isa = PBXGroup;
			children = (
				B89F11DF1CF00001000FC891 /* YSHPopOverViewUITests.m */,
				B89F11E11CF00001000FC891 /* Info.plist */,
			);
			path = YSHPopOverViewUITests;
			sourceTree = "<group>";
		};
		B89F11F01CF00379000FC891 /* YSHPopOverView */ = {
			isa = PBXGroup;
			children = (
				B89F11F11CF00379000FC891 /* YSHPopOverView.h */,
				B89F11F21CF00379000FC891 /* YSHPopOverView.m */,
			);
			path = YSHPopOverView;
			sourceTree = "<group>";
		};
/* End PBXGroup section */

/* Begin PBXNativeTarget section */
		B89F11B61CF00001000FC891 /* YSHPopOverView */ = {
			isa = PBXNativeTarget;
			buildConfigurationList = B89F11E41CF00001000FC891 /* Build configuration list for PBXNativeTarget "YSHPopOverView" */;
			buildPhases = (
				B89F11B31CF00001000FC891 /* Sources */,
				B89F11B41CF00001000FC891 /* Frameworks */,
				B89F11B51CF00001000FC891 /* Resources */,
			);
			buildRules = (
			);
			dependencies = (
			);
			name = YSHPopOverView;
			productName = YSHPopOverView;
			productReference = B89F11B71CF00001000FC891 /* YSHPopOverView.app */;
			productType = "com.apple.product-type.application";
		};
		B89F11CF1CF00001000FC891 /* YSHPopOverViewTests */ = {
			isa = PBXNativeTarget;
			buildConfigurationList = B89F11E71CF00001000FC891 /* Build configuration list for PBXNativeTarget "YSHPopOverViewTests" */;
			buildPhases = (
				B89F11CC1CF00001000FC891 /* Sources */,
				B89F11CD1CF00001000FC891 /* Frameworks */,
				B89F11CE1CF00001000FC891 /* Resources */,
			);
			buildRules = (
			);
			dependencies = (
				B89F11D21CF00001000FC891 /* PBXTargetDependency */,
			);
			name = YSHPopOverViewTests;
			productName = YSHPopOverViewTests;
			productReference = B89F11D01CF00001000FC891 /* YSHPopOverViewTests.xctest */;
			productType = "com.apple.product-type.bundle.unit-test";
		};
		B89F11DA1CF00001000FC891 /* YSHPopOverViewUITests */ = {
			isa = PBXNativeTarget;
			buildConfigurationList = B89F11EA1CF00001000FC891 /* Build configuration list for PBXNativeTarget "YSHPopOverViewUITests" */;
			buildPhases = (
				B89F11D71CF00001000FC891 /* Sources */,
				B89F11D81CF00001000FC891 /* Frameworks */,
				B89F11D91CF00001000FC891 /* Resources */,
			);
			buildRules = (
			);
			dependencies = (
				B89F11DD1CF00001000FC891 /* PBXTargetDependency */,
			);
			name = YSHPopOverViewUITests;
			productName = YSHPopOverViewUITests;
			productReference = B89F11DB1CF00001000FC891 /* YSHPopOverViewUITests.xctest */;
			productType = "com.apple.product-type.bundle.ui-testing";
		};
/* End PBXNativeTarget section */

/* Begin PBXProject section */
		B89F11AF1CF00001000FC891 /* Project object */ = {
			isa = PBXProject;
			attributes = {
				LastUpgradeCheck = 0730;
				ORGANIZATIONNAME = "杨上海";
				TargetAttributes = {
					B89F11B61CF00001000FC891 = {
						CreatedOnToolsVersion = 7.3.1;
						DevelopmentTeam = E5QVK8755P;
					};
					B89F11CF1CF00001000FC891 = {
						CreatedOnToolsVersion = 7.3.1;
						DevelopmentTeam = E5QVK8755P;
						TestTargetID = B89F11B61CF00001000FC891;
					};
					B89F11DA1CF00001000FC891 = {
						CreatedOnToolsVersion = 7.3.1;
						DevelopmentTeam = E5QVK8755P;
						TestTargetID = B89F11B61CF00001000FC891;
					};
				};
			};
			buildConfigurationList = B89F11B21CF00001000FC891 /* Build configuration list for PBXProject "YSHPopOverView" */;
			compatibilityVersion = "Xcode 3.2";
			developmentRegion = English;
			hasScannedForEncodings = 0;
			knownRegions = (
				en,
				Base,
			);
			mainGroup = B89F11AE1CF00001000FC891;
			productRefGroup = B89F11B81CF00001000FC891 /* Products */;
			projectDirPath = "";
			projectRoot = "";
			targets = (
				B89F11B61CF00001000FC891 /* YSHPopOverView */,
				B89F11CF1CF00001000FC891 /* YSHPopOverViewTests */,
				B89F11DA1CF00001000FC891 /* YSHPopOverViewUITests */,
			);
		};
/* End PBXProject section */

/* Begin PBXResourcesBuildPhase section */
		B89F11B51CF00001000FC891 /* Resources */ = {
			isa = PBXResourcesBuildPhase;
			buildActionMask = 2147483647;
			files = (
				B89F11CA1CF00001000FC891 /* LaunchScreen.storyboard in Resources */,
				B89F11C71CF00001000FC891 /* Assets.xcassets in Resources */,
				B89F11C51CF00001000FC891 /* Main.storyboard in Resources */,
			);
			runOnlyForDeploymentPostprocessing = 0;
		};
		B89F11CE1CF00001000FC891 /* Resources */ = {
			isa = PBXResourcesBuildPhase;
			buildActionMask = 2147483647;
			files = (
			);
			runOnlyForDeploymentPostprocessing = 0;
		};
		B89F11D91CF00001000FC891 /* Resources */ = {
			isa = PBXResourcesBuildPhase;
			buildActionMask = 2147483647;
			files = (
			);
			runOnlyForDeploymentPostprocessing = 0;
		};
/* End PBXResourcesBuildPhase section */

/* Begin PBXSourcesBuildPhase section */
		B89F11B31CF00001000FC891 /* Sources */ = {
			isa = PBXSourcesBuildPhase;
			buildActionMask = 2147483647;
			files = (
				B89F11C21CF00001000FC891 /* ViewController.m in Sources */,
				B89F11F31CF00379000FC891 /* YSHPopOverView.m in Sources */,
				B89F11BF1CF00001000FC891 /* AppDelegate.m in Sources */,
				B89F11BC1CF00001000FC891 /* main.m in Sources */,
			);
			runOnlyForDeploymentPostprocessing = 0;
		};
		B89F11CC1CF00001000FC891 /* Sources */ = {
			isa = PBXSourcesBuildPhase;
			buildActionMask = 2147483647;
			files = (
				B89F11D51CF00001000FC891 /* YSHPopOverViewTests.m in Sources */,
			);
			runOnlyForDeploymentPostprocessing = 0;
		};
		B89F11D71CF00001000FC891 /* Sources */ = {
			isa = PBXSourcesBuildPhase;
			buildActionMask = 2147483647;
			files = (
				B89F11E01CF00001000FC891 /* YSHPopOverViewUITests.m in Sources */,
			);
			runOnlyForDeploymentPostprocessing = 0;
		};
/* End PBXSourcesBuildPhase section */

/* Begin PBXTargetDependency section */
		B89F11D21CF00001000FC891 /* PBXTargetDependency */ = {
			isa = PBXTargetDependency;
			target = B89F11B61CF00001000FC891 /* YSHPopOverView */;
			targetProxy = B89F11D11CF00001000FC891 /* PBXContainerItemProxy */;
		};
		B89F11DD1CF00001000FC891 /* PBXTargetDependency */ = {
			isa = PBXTargetDependency;
			target = B89F11B61CF00001000FC891 /* YSHPopOverView */;
			targetProxy = B89F11DC1CF00001000FC891 /* PBXContainerItemProxy */;
		};
/* End PBXTargetDependency section */

/* Begin PBXVariantGroup section */
		B89F11C31CF00001000FC891 /* Main.storyboard */ = {
			isa = PBXVariantGroup;
			children = (
				B89F11C41CF00001000FC891 /* Base */,
			);
			name = Main.storyboard;
			sourceTree = "<group>";
		};
		B89F11C81CF00001000FC891 /* LaunchScreen.storyboard */ = {
			isa = PBXVariantGroup;
			children = (
				B89F11C91CF00001000FC891 /* Base */,
			);
			name = LaunchScreen.storyboard;
			sourceTree = "<group>";
		};
/* End PBXVariantGroup section */

/* Begin XCBuildConfiguration section */
		B89F11E21CF00001000FC891 /* Debug */ = {
			isa = XCBuildConfiguration;
			buildSettings = {
				ALWAYS_SEARCH_USER_PATHS = NO;
				CLANG_ANALYZER_NONNULL = YES;
				CLANG_CXX_LANGUAGE_STANDARD = "gnu++0x";
				CLANG_CXX_LIBRARY = "libc++";
				CLANG_ENABLE_MODULES = YES;
				CLANG_ENABLE_OBJC_ARC = YES;
				CLANG_WARN_BOOL_CONVERSION = YES;
				CLANG_WARN_CONSTANT_CONVERSION = YES;
				CLANG_WARN_DIRECT_OBJC_ISA_USAGE = YES_ERROR;
				CLANG_WARN_EMPTY_BODY = YES;
				CLANG_WARN_ENUM_CONVERSION = YES;
				CLANG_WARN_INT_CONVERSION = YES;
				CLANG_WARN_OBJC_ROOT_CLASS = YES_ERROR;
				CLANG_WARN_UNREACHABLE_CODE = YES;
				CLANG_WARN__DUPLICATE_METHOD_MATCH = YES;
				"CODE_SIGN_IDENTITY[sdk=iphoneos*]" = "iPhone Developer";
				COPY_PHASE_STRIP = NO;
				DEBUG_INFORMATION_FORMAT = dwarf;
				ENABLE_STRICT_OBJC_MSGSEND = YES;
				ENABLE_TESTABILITY = YES;
				GCC_C_LANGUAGE_STANDARD = gnu99;
				GCC_DYNAMIC_NO_PIC = NO;
				GCC_NO_COMMON_BLOCKS = YES;
				GCC_OPTIMIZATION_LEVEL = 0;
				GCC_PREPROCESSOR_DEFINITIONS = (
					"DEBUG=1",
					"$(inherited)",
				);
				GCC_WARN_64_TO_32_BIT_CONVERSION = YES;
				GCC_WARN_ABOUT_RETURN_TYPE = YES_ERROR;
				GCC_WARN_UNDECLARED_SELECTOR = YES;
				GCC_WARN_UNINITIALIZED_AUTOS = YES_AGGRESSIVE;
				GCC_WARN_UNUSED_FUNCTION = YES;
				GCC_WARN_UNUSED_VARIABLE = YES;
				IPHONEOS_DEPLOYMENT_TARGET = 9.3;
				MTL_ENABLE_DEBUG_INFO = YES;
				ONLY_ACTIVE_ARCH = YES;
				SDKROOT = iphoneos;
			};
			name = Debug;
		};
		B89F11E31CF00001000FC891 /* Release */ = {
			isa = XCBuildConfiguration;
			buildSettings = {
				ALWAYS_SEARCH_USER_PATHS = NO;
				CLANG_ANALYZER_NONNULL = YES;
				CLANG_CXX_LANGUAGE_STANDARD = "gnu++0x";
				CLANG_CXX_LIBRARY = "libc++";
				CLANG_ENABLE_MODULES = YES;
				CLANG_ENABLE_OBJC_ARC = YES;
				CLANG_WARN_BOOL_CONVERSION = YES;
				CLANG_WARN_CONSTANT_CONVERSION = YES;
				CLANG_WARN_DIRECT_OBJC_ISA_USAGE = YES_ERROR;
				CLANG_WARN_EMPTY_BODY = YES;
				CLANG_WARN_ENUM_CONVERSION = YES;
				CLANG_WARN_INT_CONVERSION = YES;
				CLANG_WARN_OBJC_ROOT_CLASS = YES_ERROR;
				CLANG_WARN_UNREACHABLE_CODE = YES;
				CLANG_WARN__DUPLICATE_METHOD_MATCH = YES;
				"CODE_SIGN_IDENTITY[sdk=iphoneos*]" = "iPhone Developer";
				COPY_PHASE_STRIP = NO;
				DEBUG_INFORMATION_FORMAT = "dwarf-with-dsym";
				ENABLE_NS_ASSERTIONS = NO;
				ENABLE_STRICT_OBJC_MSGSEND = YES;
				GCC_C_LANGUAGE_STANDARD = gnu99;
				GCC_NO_COMMON_BLOCKS = YES;
				GCC_WARN_64_TO_32_BIT_CONVERSION = YES;
				GCC_WARN_ABOUT_RETURN_TYPE = YES_ERROR;
				GCC_WARN_UNDECLARED_SELECTOR = YES;
				GCC_WARN_UNINITIALIZED_AUTOS = YES_AGGRESSIVE;
				GCC_WARN_UNUSED_FUNCTION = YES;
				GCC_WARN_UNUSED_VARIABLE = YES;
				IPHONEOS_DEPLOYMENT_TARGET = 9.3;
				MTL_ENABLE_DEBUG_INFO = NO;
				SDKROOT = iphoneos;
				VALIDATE_PRODUCT = YES;
			};
			name = Release;
		};
		B89F11E51CF00001000FC891 /* Debug */ = {
			isa = XCBuildConfiguration;
			buildSettings = {
				ASSETCATALOG_COMPILER_APPICON_NAME = AppIcon;
				INFOPLIST_FILE = YSHPopOverView/Info.plist;
				LD_RUNPATH_SEARCH_PATHS = "$(inherited) @executable_path/Frameworks";
				PRODUCT_BUNDLE_IDENTIFIER = "com.zhuanlong-studio.YSHPopOverView";
				PRODUCT_NAME = "$(TARGET_NAME)";
			};
			name = Debug;
		};
		B89F11E61CF00001000FC891 /* Release */ = {
			isa = XCBuildConfiguration;
			buildSettings = {
				ASSETCATALOG_COMPILER_APPICON_NAME = AppIcon;
				INFOPLIST_FILE = YSHPopOverView/Info.plist;
				LD_RUNPATH_SEARCH_PATHS = "$(inherited) @executable_path/Frameworks";
				PRODUCT_BUNDLE_IDENTIFIER = "com.zhuanlong-studio.YSHPopOverView";
				PRODUCT_NAME = "$(TARGET_NAME)";
			};
			name = Release;
		};
		B89F11E81CF00001000FC891 /* Debug */ = {
			isa = XCBuildConfiguration;
			buildSettings = {
				BUNDLE_LOADER = "$(TEST_HOST)";
				INFOPLIST_FILE = YSHPopOverViewTests/Info.plist;
				LD_RUNPATH_SEARCH_PATHS = "$(inherited) @executable_path/Frameworks @loader_path/Frameworks";
				PRODUCT_BUNDLE_IDENTIFIER = "com.zhuanlong-studio.YSHPopOverViewTests";
				PRODUCT_NAME = "$(TARGET_NAME)";
				TEST_HOST = "$(BUILT_PRODUCTS_DIR)/YSHPopOverView.app/YSHPopOverView";
			};
			name = Debug;
		};
		B89F11E91CF00001000FC891 /* Release */ = {
			isa = XCBuildConfiguration;
			buildSettings = {
				BUNDLE_LOADER = "$(TEST_HOST)";
				INFOPLIST_FILE = YSHPopOverViewTests/Info.plist;
				LD_RUNPATH_SEARCH_PATHS = "$(inherited) @executable_path/Frameworks @loader_path/Frameworks";
				PRODUCT_BUNDLE_IDENTIFIER = "com.zhuanlong-studio.YSHPopOverViewTests";
				PRODUCT_NAME = "$(TARGET_NAME)";
				TEST_HOST = "$(BUILT_PRODUCTS_DIR)/YSHPopOverView.app/YSHPopOverView";
			};
			name = Release;
		};
		B89F11EB1CF00001000FC891 /* Debug */ = {
			isa = XCBuildConfiguration;
			buildSettings = {
				INFOPLIST_FILE = YSHPopOverViewUITests/Info.plist;
				LD_RUNPATH_SEARCH_PATHS = "$(inherited) @executable_path/Frameworks @loader_path/Frameworks";
				PRODUCT_BUNDLE_IDENTIFIER = "com.zhuanlong-studio.YSHPopOverViewUITests";
				PRODUCT_NAME = "$(TARGET_NAME)";
				TEST_TARGET_NAME = YSHPopOverView;
			};
			name = Debug;
		};
		B89F11EC1CF00001000FC891 /* Release */ = {
			isa = XCBuildConfiguration;
			buildSettings = {
				INFOPLIST_FILE = YSHPopOverViewUITests/Info.plist;
				LD_RUNPATH_SEARCH_PATHS = "$(inherited) @executable_path/Frameworks @loader_path/Frameworks";
				PRODUCT_BUNDLE_IDENTIFIER = "com.zhuanlong-studio.YSHPopOverViewUITests";
				PRODUCT_NAME = "$(TARGET_NAME)";
				TEST_TARGET_NAME = YSHPopOverView;
			};
			name = Release;
		};
/* End XCBuildConfiguration section */

/* Begin XCConfigurationList section */
		B89F11B21CF00001000FC891 /* Build configuration list for PBXProject "YSHPopOverView" */ = {
			isa = XCConfigurationList;
			buildConfigurations = (
				B89F11E21CF00001000FC891 /* Debug */,
				B89F11E31CF00001000FC891 /* Release */,
			);
			defaultConfigurationIsVisible = 0;
			defaultConfigurationName = Release;
		};
		B89F11E41CF00001000FC891 /* Build configuration list for PBXNativeTarget "YSHPopOverView" */ = {
			isa = XCConfigurationList;
			buildConfigurations = (
				B89F11E51CF00001000FC891 /* Debug */,
				B89F11E61CF00001000FC891 /* Release */,
			);
			defaultConfigurationIsVisible = 0;
		};
		B89F11E71CF00001000FC891 /* Build configuration list for PBXNativeTarget "YSHPopOverViewTests" */ = {
			isa = XCConfigurationList;
			buildConfigurations = (
				B89F11E81CF00001000FC891 /* Debug */,
				B89F11E91CF00001000FC891 /* Release */,
			);
			defaultConfigurationIsVisible = 0;
		};
		B89F11EA1CF00001000FC891 /* Build configuration list for PBXNativeTarget "YSHPopOverViewUITests" */ = {
			isa = XCConfigurationList;
			buildConfigurations = (
				B89F11EB1CF00001000FC891 /* Debug */,
				B89F11EC1CF00001000FC891 /* Release */,
			);
			defaultConfigurationIsVisible = 0;
		};
/* End XCConfigurationList section */
	};
	rootObject = B89F11AF1CF00001000FC891 /* Project object */;
}
